
Microsoft Visual Studio Solution File, Format Version 12.00
# Visual Studio 15
Project("{FAE04EC0-301F-11D3-BF4B-00C04F79EFBC}") = "ConjurClient", "ConjurClient.csproj", "{D58EDD6C-CF22-44B6-BD33-30930DB186CA}"
EndProject
Global
	GlobalSection(SolutionConfigurationPlatforms) = preSolution
		Debug|Any CPU = Debug|Any CPU
		Release|Any CPU = Release|Any CPU
	EndGlobalSection
	GlobalSection(ProjectConfigurationPlatforms) = postSolution
		{D58EDD6C-CF22-44B6-BD33-30930DB186CA}.Debug|Any CPU.ActiveCfg = Debug|Any CPU
		{D58EDD6C-CF22-44B6-BD33-30930DB186CA}.Debug|Any CPU.Build.0 = Debug|Any CPU
		{D58EDD6C-CF22-44B6-BD33-30930DB186CA}.Release|Any CPU.ActiveCfg = Release|Any CPU
		{D58EDD6C-CF22-44B6-BD33-30930DB186CA}.Release|Any CPU.Build.0 = Release|Any CPU
	EndGlobalSection
EndGlobal
