
Microsoft Visual Studio Solution File, Format Version 12.00
# Visual Studio 15
Project("{FAE04EC0-301F-11D3-BF4B-00C04F79EFBC}") = "ConjurClient", "ConjurClient\ConjurClient.csproj", "{5121A4A2-712C-4982-A617-955F9F760C42}"
EndProject
Project("{FAE04EC0-301F-11D3-BF4B-00C04F79EFBC}") = "ConjurClientTests", "ConjurClientTests\ConjurClientTests.csproj", "{09F2BC3D-E9DB-408B-8808-0775C3F0D50B}"
EndProject
Project("{FAE04EC0-301F-11D3-BF4B-00C04F79EFBC}") = "ConjurClientE2ETests", "ConjurClientE2ETests\ConjurClientE2ETests.csproj", "{ECD92A10-32B7-47A2-9A95-AED6AD13211E}"
EndProject
Global
	GlobalSection(SolutionConfigurationPlatforms) = preSolution
		Debug|Any CPU = Debug|Any CPU
		Release|Any CPU = Release|Any CPU
	EndGlobalSection
	GlobalSection(ProjectConfigurationPlatforms) = postSolution
		{5121A4A2-712C-4982-A617-955F9F760C42}.Debug|Any CPU.ActiveCfg = Debug|Any CPU
		{5121A4A2-712C-4982-A617-955F9F760C42}.Debug|Any CPU.Build.0 = Debug|Any CPU
		{5121A4A2-712C-4982-A617-955F9F760C42}.Release|Any CPU.ActiveCfg = Release|Any CPU
		{5121A4A2-712C-4982-A617-955F9F760C42}.Release|Any CPU.Build.0 = Release|Any CPU
		{09F2BC3D-E9DB-408B-8808-0775C3F0D50B}.Debug|Any CPU.ActiveCfg = Debug|Any CPU
		{09F2BC3D-E9DB-408B-8808-0775C3F0D50B}.Debug|Any CPU.Build.0 = Debug|Any CPU
		{09F2BC3D-E9DB-408B-8808-0775C3F0D50B}.Release|Any CPU.ActiveCfg = Release|Any CPU
		{09F2BC3D-E9DB-408B-8808-0775C3F0D50B}.Release|Any CPU.Build.0 = Release|Any CPU
		{ECD92A10-32B7-47A2-9A95-AED6AD13211E}.Debug|Any CPU.ActiveCfg = Debug|Any CPU
		{ECD92A10-32B7-47A2-9A95-AED6AD13211E}.Debug|Any CPU.Build.0 = Debug|Any CPU
		{ECD92A10-32B7-47A2-9A95-AED6AD13211E}.Release|Any CPU.ActiveCfg = Release|Any CPU
		{ECD92A10-32B7-47A2-9A95-AED6AD13211E}.Release|Any CPU.Build.0 = Release|Any CPU
	EndGlobalSection
EndGlobal
